
Microsoft Visual Studio Solution File, Format Version 12.00
# Visual Studio Version 17
VisualStudioVersion = 17.9.34723.18
MinimumVisualStudioVersion = 10.0.40219.1
Project("{FAE04EC0-301F-11D3-BF4B-00C04F79EFBC}") = "CareCarAPI", "CareCarAPI\CareCarAPI.csproj", "{9A73C20C-F754-463B-8FC1-3F384294BF1D}"
EndProject
Global
	GlobalSection(SolutionConfigurationPlatforms) = preSolution
		Debug|Any CPU = Debug|Any CPU
		Release|Any CPU = Release|Any CPU
	EndGlobalSection
	GlobalSection(ProjectConfigurationPlatforms) = postSolution
		{9A73C20C-F754-463B-8FC1-3F384294BF1D}.Debug|Any CPU.ActiveCfg = Debug|Any CPU
		{9A73C20C-F754-463B-8FC1-3F384294BF1D}.Debug|Any CPU.Build.0 = Debug|Any CPU
		{9A73C20C-F754-463B-8FC1-3F384294BF1D}.Release|Any CPU.ActiveCfg = Release|Any CPU
		{9A73C20C-F754-463B-8FC1-3F384294BF1D}.Release|Any CPU.Build.0 = Release|Any CPU
	EndGlobalSection
	GlobalSection(SolutionProperties) = preSolution
		HideSolutionNode = FALSE
	EndGlobalSection
	GlobalSection(ExtensibilityGlobals) = postSolution
		SolutionGuid = {CB4DB5F4-57B7-465C-B6CA-3FCB7E5A6A90}
	EndGlobalSection
EndGlobal
